// !$*UTF8*$!
{
	archiveVersion = 1;
	classes = {
	};
	objectVersion = 50;
	objects = {

/* Begin PBXBuildFile section */
		183868B3246585D4005A74F9 /* AppDelegate.swift in Sources */ = {isa = PBXBuildFile; fileRef = 183868B2246585D4005A74F9 /* AppDelegate.swift */; };
		183868B5246585D4005A74F9 /* SceneDelegate.swift in Sources */ = {isa = PBXBuildFile; fileRef = 183868B4246585D4005A74F9 /* SceneDelegate.swift */; };
		183868B7246585D5005A74F9 /* ViewController.swift in Sources */ = {isa = PBXBuildFile; fileRef = 183868B6246585D5005A74F9 /* ViewController.swift */; };
		183868BA246585D5005A74F9 /* Main.storyboard in Resources */ = {isa = PBXBuildFile; fileRef = 183868B8246585D5005A74F9 /* Main.storyboard */; };
		183868BC246585D8005A74F9 /* Assets.xcassets in Resources */ = {isa = PBXBuildFile; fileRef = 183868BB246585D8005A74F9 /* Assets.xcassets */; };
		183868BF246585D8005A74F9 /* LaunchScreen.storyboard in Resources */ = {isa = PBXBuildFile; fileRef = 183868BD246585D8005A74F9 /* LaunchScreen.storyboard */; };
		183868CD246585FE005A74F9 /* IntentHandler.swift in Sources */ = {isa = PBXBuildFile; fileRef = 183868CC246585FE005A74F9 /* IntentHandler.swift */; };
		183868D1246585FE005A74F9 /* SiriIntensExtension.appex in Embed App Extensions */ = {isa = PBXBuildFile; fileRef = 183868CA246585FE005A74F9 /* SiriIntensExtension.appex */; settings = {ATTRIBUTES = (RemoveHeadersOnCopy, ); }; };
/* End PBXBuildFile section */

/* Begin PBXContainerItemProxy section */
		183868CF246585FE005A74F9 /* PBXContainerItemProxy */ = {
			isa = PBXContainerItemProxy;
			containerPortal = 183868A7246585D4005A74F9 /* Project object */;
			proxyType = 1;
			remoteGlobalIDString = 183868C9246585FE005A74F9;
			remoteInfo = SiriIntensExtension;
		};
/* End PBXContainerItemProxy section */

/* Begin PBXCopyFilesBuildPhase section */
		183868D5246585FE005A74F9 /* Embed App Extensions */ = {
			isa = PBXCopyFilesBuildPhase;
			buildActionMask = 2147483647;
			dstPath = "";
			dstSubfolderSpec = 13;
			files = (
				183868D1246585FE005A74F9 /* SiriIntensExtension.appex in Embed App Extensions */,
			);
			name = "Embed App Extensions";
			runOnlyForDeploymentPostprocessing = 0;
		};
/* End PBXCopyFilesBuildPhase section */

/* Begin PBXFileReference section */
		183868AF246585D4005A74F9 /* SiriExtensionExample.app */ = {isa = PBXFileReference; explicitFileType = wrapper.application; includeInIndex = 0; path = SiriExtensionExample.app; sourceTree = BUILT_PRODUCTS_DIR; };
		183868B2246585D4005A74F9 /* AppDelegate.swift */ = {isa = PBXFileReference; lastKnownFileType = sourcecode.swift; path = AppDelegate.swift; sourceTree = "<group>"; };
		183868B4246585D4005A74F9 /* SceneDelegate.swift */ = {isa = PBXFileReference; lastKnownFileType = sourcecode.swift; path = SceneDelegate.swift; sourceTree = "<group>"; };
		183868B6246585D5005A74F9 /* ViewController.swift */ = {isa = PBXFileReference; lastKnownFileType = sourcecode.swift; path = ViewController.swift; sourceTree = "<group>"; };
		183868B9246585D5005A74F9 /* Base */ = {isa = PBXFileReference; lastKnownFileType = file.storyboard; name = Base; path = Base.lproj/Main.storyboard; sourceTree = "<group>"; };
		183868BB246585D8005A74F9 /* Assets.xcassets */ = {isa = PBXFileReference; lastKnownFileType = folder.assetcatalog; path = Assets.xcassets; sourceTree = "<group>"; };
		183868BE246585D8005A74F9 /* Base */ = {isa = PBXFileReference; lastKnownFileType = file.storyboard; name = Base; path = Base.lproj/LaunchScreen.storyboard; sourceTree = "<group>"; };
		183868C0246585D8005A74F9 /* Info.plist */ = {isa = PBXFileReference; lastKnownFileType = text.plist.xml; path = Info.plist; sourceTree = "<group>"; };
		183868CA246585FE005A74F9 /* SiriIntensExtension.appex */ = {isa = PBXFileReference; explicitFileType = "wrapper.app-extension"; includeInIndex = 0; path = SiriIntensExtension.appex; sourceTree = BUILT_PRODUCTS_DIR; };
		183868CC246585FE005A74F9 /* IntentHandler.swift */ = {isa = PBXFileReference; lastKnownFileType = sourcecode.swift; path = IntentHandler.swift; sourceTree = "<group>"; };
		183868CE246585FE005A74F9 /* Info.plist */ = {isa = PBXFileReference; lastKnownFileType = text.plist.xml; path = Info.plist; sourceTree = "<group>"; };
		183868D62465863A005A74F9 /* SiriExtensionExample.entitlements */ = {isa = PBXFileReference; lastKnownFileType = text.plist.entitlements; path = SiriExtensionExample.entitlements; sourceTree = "<group>"; };
/* End PBXFileReference section */

/* Begin PBXFrameworksBuildPhase section */
		183868AC246585D4005A74F9 /* Frameworks */ = {
			isa = PBXFrameworksBuildPhase;
			buildActionMask = 2147483647;
			files = (
			);
			runOnlyForDeploymentPostprocessing = 0;
		};
		183868C7246585FE005A74F9 /* Frameworks */ = {
			isa = PBXFrameworksBuildPhase;
			buildActionMask = 2147483647;
			files = (
			);
			runOnlyForDeploymentPostprocessing = 0;
		};
/* End PBXFrameworksBuildPhase section */

/* Begin PBXGroup section */
		183868A6246585D4005A74F9 = {
			isa = PBXGroup;
			children = (
				183868B1246585D4005A74F9 /* SiriExtensionExample */,
				183868CB246585FE005A74F9 /* SiriIntensExtension */,
				183868B0246585D4005A74F9 /* Products */,
			);
			sourceTree = "<group>";
		};
		183868B0246585D4005A74F9 /* Products */ = {
			isa = PBXGroup;
			children = (
				183868AF246585D4005A74F9 /* SiriExtensionExample.app */,
				183868CA246585FE005A74F9 /* SiriIntensExtension.appex */,
			);
			name = Products;
			sourceTree = "<group>";
		};
		183868B1246585D4005A74F9 /* SiriExtensionExample */ = {
			isa = PBXGroup;
			children = (
				183868D62465863A005A74F9 /* SiriExtensionExample.entitlements */,
				183868B2246585D4005A74F9 /* AppDelegate.swift */,
				183868B4246585D4005A74F9 /* SceneDelegate.swift */,
				183868B6246585D5005A74F9 /* ViewController.swift */,
				183868B8246585D5005A74F9 /* Main.storyboard */,
				183868BB246585D8005A74F9 /* Assets.xcassets */,
				183868BD246585D8005A74F9 /* LaunchScreen.storyboard */,
				183868C0246585D8005A74F9 /* Info.plist */,
			);
			path = SiriExtensionExample;
			sourceTree = "<group>";
		};
		183868CB246585FE005A74F9 /* SiriIntensExtension */ = {
			isa = PBXGroup;
			children = (
				183868CC246585FE005A74F9 /* IntentHandler.swift */,
				183868CE246585FE005A74F9 /* Info.plist */,
			);
			path = SiriIntensExtension;
			sourceTree = "<group>";
		};
/* End PBXGroup section */

/* Begin PBXNativeTarget section */
		183868AE246585D4005A74F9 /* SiriExtensionExample */ = {
			isa = PBXNativeTarget;
			buildConfigurationList = 183868C3246585D8005A74F9 /* Build configuration list for PBXNativeTarget "SiriExtensionExample" */;
			buildPhases = (
				183868AB246585D4005A74F9 /* Sources */,
				183868AC246585D4005A74F9 /* Frameworks */,
				183868AD246585D4005A74F9 /* Resources */,
				183868D5246585FE005A74F9 /* Embed App Extensions */,
			);
			buildRules = (
			);
			dependencies = (
				183868D0246585FE005A74F9 /* PBXTargetDependency */,
			);
			name = SiriExtensionExample;
			productName = SiriExtensionExample;
			productReference = 183868AF246585D4005A74F9 /* SiriExtensionExample.app */;
			productType = "com.apple.product-type.application";
		};
		183868C9246585FE005A74F9 /* SiriIntensExtension */ = {
			isa = PBXNativeTarget;
			buildConfigurationList = 183868D2246585FE005A74F9 /* Build configuration list for PBXNativeTarget "SiriIntensExtension" */;
			buildPhases = (
				183868C6246585FE005A74F9 /* Sources */,
				183868C7246585FE005A74F9 /* Frameworks */,
				183868C8246585FE005A74F9 /* Resources */,
			);
			buildRules = (
			);
			dependencies = (
			);
			name = SiriIntensExtension;
			productName = SiriIntensExtension;
			productReference = 183868CA246585FE005A74F9 /* SiriIntensExtension.appex */;
			productType = "com.apple.product-type.app-extension";
		};
/* End PBXNativeTarget section */

/* Begin PBXProject section */
		183868A7246585D4005A74F9 /* Project object */ = {
			isa = PBXProject;
			attributes = {
				LastSwiftUpdateCheck = 1140;
				LastUpgradeCheck = 1140;
				ORGANIZATIONNAME = Rohini;
				TargetAttributes = {
					183868AE246585D4005A74F9 = {
						CreatedOnToolsVersion = 11.4.1;
					};
					183868C9246585FE005A74F9 = {
						CreatedOnToolsVersion = 11.4.1;
					};
				};
			};
			buildConfigurationList = 183868AA246585D4005A74F9 /* Build configuration list for PBXProject "SiriExtensionExample" */;
			compatibilityVersion = "Xcode 9.3";
			developmentRegion = en;
			hasScannedForEncodings = 0;
			knownRegions = (
				en,
				Base,
			);
			mainGroup = 183868A6246585D4005A74F9;
			productRefGroup = 183868B0246585D4005A74F9 /* Products */;
			projectDirPath = "";
			projectRoot = "";
			targets = (
				183868AE246585D4005A74F9 /* SiriExtensionExample */,
				183868C9246585FE005A74F9 /* SiriIntensExtension */,
			);
		};
/* End PBXProject section */

/* Begin PBXResourcesBuildPhase section */
		183868AD246585D4005A74F9 /* Resources */ = {
			isa = PBXResourcesBuildPhase;
			buildActionMask = 2147483647;
			files = (
				183868BF246585D8005A74F9 /* LaunchScreen.storyboard in Resources */,
				183868BC246585D8005A74F9 /* Assets.xcassets in Resources */,
				183868BA246585D5005A74F9 /* Main.storyboard in Resources */,
			);
			runOnlyForDeploymentPostprocessing = 0;
		};
		183868C8246585FE005A74F9 /* Resources */ = {
			isa = PBXResourcesBuildPhase;
			buildActionMask = 2147483647;
			files = (
			);
			runOnlyForDeploymentPostprocessing = 0;
		};
/* End PBXResourcesBuildPhase section */

/* Begin PBXSourcesBuildPhase section */
		183868AB246585D4005A74F9 /* Sources */ = {
			isa = PBXSourcesBuildPhase;
			buildActionMask = 2147483647;
			files = (
				183868B7246585D5005A74F9 /* ViewController.swift in Sources */,
				183868B3246585D4005A74F9 /* AppDelegate.swift in Sources */,
				183868B5246585D4005A74F9 /* SceneDelegate.swift in Sources */,
			);
			runOnlyForDeploymentPostprocessing = 0;
		};
		183868C6246585FE005A74F9 /* Sources */ = {
			isa = PBXSourcesBuildPhase;
			buildActionMask = 2147483647;
			files = (
				183868CD246585FE005A74F9 /* IntentHandler.swift in Sources */,
			);
			runOnlyForDeploymentPostprocessing = 0;
		};
/* End PBXSourcesBuildPhase section */

/* Begin PBXTargetDependency section */
		183868D0246585FE005A74F9 /* PBXTargetDependency */ = {
			isa = PBXTargetDependency;
			target = 183868C9246585FE005A74F9 /* SiriIntensExtension */;
			targetProxy = 183868CF246585FE005A74F9 /* PBXContainerItemProxy */;
		};
/* End PBXTargetDependency section */

/* Begin PBXVariantGroup section */
		183868B8246585D5005A74F9 /* Main.storyboard */ = {
			isa = PBXVariantGroup;
			children = (
				183868B9246585D5005A74F9 /* Base */,
			);
			name = Main.storyboard;
			sourceTree = "<group>";
		};
		183868BD246585D8005A74F9 /* LaunchScreen.storyboard */ = {
			isa = PBXVariantGroup;
			children = (
				183868BE246585D8005A74F9 /* Base */,
			);
			name = LaunchScreen.storyboard;
			sourceTree = "<group>";
		};
/* End PBXVariantGroup section */

/* Begin XCBuildConfiguration section */
		183868C1246585D8005A74F9 /* Debug */ = {
			isa = XCBuildConfiguration;
			buildSettings = {
				ALWAYS_SEARCH_USER_PATHS = NO;
				CLANG_ANALYZER_NONNULL = YES;
				CLANG_ANALYZER_NUMBER_OBJECT_CONVERSION = YES_AGGRESSIVE;
				CLANG_CXX_LANGUAGE_STANDARD = "gnu++14";
				CLANG_CXX_LIBRARY = "libc++";
				CLANG_ENABLE_MODULES = YES;
				CLANG_ENABLE_OBJC_ARC = YES;
				CLANG_ENABLE_OBJC_WEAK = YES;
				CLANG_WARN_BLOCK_CAPTURE_AUTORELEASING = YES;
				CLANG_WARN_BOOL_CONVERSION = YES;
				CLANG_WARN_COMMA = YES;
				CLANG_WARN_CONSTANT_CONVERSION = YES;
				CLANG_WARN_DEPRECATED_OBJC_IMPLEMENTATIONS = YES;
				CLANG_WARN_DIRECT_OBJC_ISA_USAGE = YES_ERROR;
				CLANG_WARN_DOCUMENTATION_COMMENTS = YES;
				CLANG_WARN_EMPTY_BODY = YES;
				CLANG_WARN_ENUM_CONVERSION = YES;
				CLANG_WARN_INFINITE_RECURSION = YES;
				CLANG_WARN_INT_CONVERSION = YES;
				CLANG_WARN_NON_LITERAL_NULL_CONVERSION = YES;
				CLANG_WARN_OBJC_IMPLICIT_RETAIN_SELF = YES;
				CLANG_WARN_OBJC_LITERAL_CONVERSION = YES;
				CLANG_WARN_OBJC_ROOT_CLASS = YES_ERROR;
				CLANG_WARN_RANGE_LOOP_ANALYSIS = YES;
				CLANG_WARN_STRICT_PROTOTYPES = YES;
				CLANG_WARN_SUSPICIOUS_MOVE = YES;
				CLANG_WARN_UNGUARDED_AVAILABILITY = YES_AGGRESSIVE;
				CLANG_WARN_UNREACHABLE_CODE = YES;
				CLANG_WARN__DUPLICATE_METHOD_MATCH = YES;
				COPY_PHASE_STRIP = NO;
				DEBUG_INFORMATION_FORMAT = dwarf;
				ENABLE_STRICT_OBJC_MSGSEND = YES;
				ENABLE_TESTABILITY = YES;
				GCC_C_LANGUAGE_STANDARD = gnu11;
				GCC_DYNAMIC_NO_PIC = NO;
				GCC_NO_COMMON_BLOCKS = YES;
				GCC_OPTIMIZATION_LEVEL = 0;
				GCC_PREPROCESSOR_DEFINITIONS = (
					"DEBUG=1",
					"$(inherited)",
				);
				GCC_WARN_64_TO_32_BIT_CONVERSION = YES;
				GCC_WARN_ABOUT_RETURN_TYPE = YES_ERROR;
				GCC_WARN_UNDECLARED_SELECTOR = YES;
				GCC_WARN_UNINITIALIZED_AUTOS = YES_AGGRESSIVE;
				GCC_WARN_UNUSED_FUNCTION = YES;
				GCC_WARN_UNUSED_VARIABLE = YES;
				IPHONEOS_DEPLOYMENT_TARGET = 13.4;
				MTL_ENABLE_DEBUG_INFO = INCLUDE_SOURCE;
				MTL_FAST_MATH = YES;
				ONLY_ACTIVE_ARCH = YES;
				SDKROOT = iphoneos;
				SWIFT_ACTIVE_COMPILATION_CONDITIONS = DEBUG;
				SWIFT_OPTIMIZATION_LEVEL = "-Onone";
			};
			name = Debug;
		};
		183868C2246585D8005A74F9 /* Release */ = {
			isa = XCBuildConfiguration;
			buildSettings = {
				ALWAYS_SEARCH_USER_PATHS = NO;
				CLANG_ANALYZER_NONNULL = YES;
				CLANG_ANALYZER_NUMBER_OBJECT_CONVERSION = YES_AGGRESSIVE;
				CLANG_CXX_LANGUAGE_STANDARD = "gnu++14";
				CLANG_CXX_LIBRARY = "libc++";
				CLANG_ENABLE_MODULES = YES;
				CLANG_ENABLE_OBJC_ARC = YES;
				CLANG_ENABLE_OBJC_WEAK = YES;
				CLANG_WARN_BLOCK_CAPTURE_AUTORELEASING = YES;
				CLANG_WARN_BOOL_CONVERSION = YES;
				CLANG_WARN_COMMA = YES;
				CLANG_WARN_CONSTANT_CONVERSION = YES;
				CLANG_WARN_DEPRECATED_OBJC_IMPLEMENTATIONS = YES;
				CLANG_WARN_DIRECT_OBJC_ISA_USAGE = YES_ERROR;
				CLANG_WARN_DOCUMENTATION_COMMENTS = YES;
				CLANG_WARN_EMPTY_BODY = YES;
				CLANG_WARN_ENUM_CONVERSION = YES;
				CLANG_WARN_INFINITE_RECURSION = YES;
				CLANG_WARN_INT_CONVERSION = YES;
				CLANG_WARN_NON_LITERAL_NULL_CONVERSION = YES;
				CLANG_WARN_OBJC_IMPLICIT_RETAIN_SELF = YES;
				CLANG_WARN_OBJC_LITERAL_CONVERSION = YES;
				CLANG_WARN_OBJC_ROOT_CLASS = YES_ERROR;
				CLANG_WARN_RANGE_LOOP_ANALYSIS = YES;
				CLANG_WARN_STRICT_PROTOTYPES = YES;
				CLANG_WARN_SUSPICIOUS_MOVE = YES;
				CLANG_WARN_UNGUARDED_AVAILABILITY = YES_AGGRESSIVE;
				CLANG_WARN_UNREACHABLE_CODE = YES;
				CLANG_WARN__DUPLICATE_METHOD_MATCH = YES;
				COPY_PHASE_STRIP = NO;
				DEBUG_INFORMATION_FORMAT = "dwarf-with-dsym";
				ENABLE_NS_ASSERTIONS = NO;
				ENABLE_STRICT_OBJC_MSGSEND = YES;
				GCC_C_LANGUAGE_STANDARD = gnu11;
				GCC_NO_COMMON_BLOCKS = YES;
				GCC_WARN_64_TO_32_BIT_CONVERSION = YES;
				GCC_WARN_ABOUT_RETURN_TYPE = YES_ERROR;
				GCC_WARN_UNDECLARED_SELECTOR = YES;
				GCC_WARN_UNINITIALIZED_AUTOS = YES_AGGRESSIVE;
				GCC_WARN_UNUSED_FUNCTION = YES;
				GCC_WARN_UNUSED_VARIABLE = YES;
				IPHONEOS_DEPLOYMENT_TARGET = 13.4;
				MTL_ENABLE_DEBUG_INFO = NO;
				MTL_FAST_MATH = YES;
				SDKROOT = iphoneos;
				SWIFT_COMPILATION_MODE = wholemodule;
				SWIFT_OPTIMIZATION_LEVEL = "-O";
				VALIDATE_PRODUCT = YES;
			};
			name = Release;
		};
		183868C4246585D8005A74F9 /* Debug */ = {
			isa = XCBuildConfiguration;
			buildSettings = {
				ALWAYS_EMBED_SWIFT_STANDARD_LIBRARIES = YES;
				ASSETCATALOG_COMPILER_APPICON_NAME = AppIcon;
				CODE_SIGN_ENTITLEMENTS = SiriExtensionExample/SiriExtensionExample.entitlements;
				CODE_SIGN_STYLE = Automatic;
				DEVELOPMENT_TEAM = B2TWTY7FP9;
				INFOPLIST_FILE = SiriExtensionExample/Info.plist;
				IPHONEOS_DEPLOYMENT_TARGET = 13.1;
				LD_RUNPATH_SEARCH_PATHS = (
					"$(inherited)",
					"@executable_path/Frameworks",
				);
				PRODUCT_BUNDLE_IDENTIFIER = com.rohini.SiriExtensionExample;
				PRODUCT_NAME = "$(TARGET_NAME)";
				SWIFT_VERSION = 5.0;
				TARGETED_DEVICE_FAMILY = "1,2";
			};
			name = Debug;
		};
		183868C5246585D8005A74F9 /* Release */ = {
			isa = XCBuildConfiguration;
			buildSettings = {
				ALWAYS_EMBED_SWIFT_STANDARD_LIBRARIES = YES;
				ASSETCATALOG_COMPILER_APPICON_NAME = AppIcon;
				CODE_SIGN_ENTITLEMENTS = SiriExtensionExample/SiriExtensionExample.entitlements;
				CODE_SIGN_STYLE = Automatic;
				DEVELOPMENT_TEAM = B2TWTY7FP9;
				INFOPLIST_FILE = SiriExtensionExample/Info.plist;
				IPHONEOS_DEPLOYMENT_TARGET = 13.1;
				LD_RUNPATH_SEARCH_PATHS = (
					"$(inherited)",
					"@executable_path/Frameworks",
				);
				PRODUCT_BUNDLE_IDENTIFIER = com.rohini.SiriExtensionExample;
				PRODUCT_NAME = "$(TARGET_NAME)";
				SWIFT_VERSION = 5.0;
				TARGETED_DEVICE_FAMILY = "1,2";
			};
			name = Release;
		};
		183868D3246585FE005A74F9 /* Debug */ = {
			isa = XCBuildConfiguration;
			buildSettings = {
				CODE_SIGN_STYLE = Automatic;
				DEVELOPMENT_TEAM = B2TWTY7FP9;
				INFOPLIST_FILE = SiriIntensExtension/Info.plist;
				IPHONEOS_DEPLOYMENT_TARGET = 13.1;
				LD_RUNPATH_SEARCH_PATHS = (
					"$(inherited)",
					"@executable_path/Frameworks",
					"@executable_path/../../Frameworks",
				);
				PRODUCT_BUNDLE_IDENTIFIER = com.rohini.SiriExtensionExample.SiriIntensExtension;
				PRODUCT_NAME = "$(TARGET_NAME)";
				SKIP_INSTALL = YES;
				SWIFT_VERSION = 5.0;
				TARGETED_DEVICE_FAMILY = "1,2";
			};
			name = Debug;
		};
		183868D4246585FE005A74F9 /* Release */ = {
			isa = XCBuildConfiguration;
			buildSettings = {
				CODE_SIGN_STYLE = Automatic;
				DEVELOPMENT_TEAM = B2TWTY7FP9;
				INFOPLIST_FILE = SiriIntensExtension/Info.plist;
				IPHONEOS_DEPLOYMENT_TARGET = 13.1;
				LD_RUNPATH_SEARCH_PATHS = (
					"$(inherited)",
					"@executable_path/Frameworks",
					"@executable_path/../../Frameworks",
				);
				PRODUCT_BUNDLE_IDENTIFIER = com.rohini.SiriExtensionExample.SiriIntensExtension;
				PRODUCT_NAME = "$(TARGET_NAME)";
				SKIP_INSTALL = YES;
				SWIFT_VERSION = 5.0;
				TARGETED_DEVICE_FAMILY = "1,2";
			};
			name = Release;
		};
/* End XCBuildConfiguration section */

/* Begin XCConfigurationList section */
		183868AA246585D4005A74F9 /* Build configuration list for PBXProject "SiriExtensionExample" */ = {
			isa = XCConfigurationList;
			buildConfigurations = (
				183868C1246585D8005A74F9 /* Debug */,
				183868C2246585D8005A74F9 /* Release */,
			);
			defaultConfigurationIsVisible = 0;
			defaultConfigurationName = Release;
		};
		183868C3246585D8005A74F9 /* Build configuration list for PBXNativeTarget "SiriExtensionExample" */ = {
			isa = XCConfigurationList;
			buildConfigurations = (
				183868C4246585D8005A74F9 /* Debug */,
				183868C5246585D8005A74F9 /* Release */,
			);
			defaultConfigurationIsVisible = 0;
			defaultConfigurationName = Release;
		};
		183868D2246585FE005A74F9 /* Build configuration list for PBXNativeTarget "SiriIntensExtension" */ = {
			isa = XCConfigurationList;
			buildConfigurations = (
				183868D3246585FE005A74F9 /* Debug */,
				183868D4246585FE005A74F9 /* Release */,
			);
			defaultConfigurationIsVisible = 0;
			defaultConfigurationName = Release;
		};
/* End XCConfigurationList section */
	};
	rootObject = 183868A7246585D4005A74F9 /* Project object */;
}
